{
  "lockfile_version": "1",
  "packages": {
    "github:NixOS/nixpkgs/nixpkgs-unstable": {
      "last_modified": "2025-09-04T15:48:01Z",
      "resolved": "github:NixOS/nixpkgs/0987f8f26d7b889e23a7c533ae6d998b27924899?lastModified=1757000881&narHash=sha256-Cl3ep4eX9Katb2m%2FDJLmbfltPSRaWnVAFtoI%2BVPVDLk%3D"
    },
    "hatch@latest": {
      "last_modified": "2025-07-28T17:09:23Z",
      "resolved": "github:NixOS/nixpkgs/648f70160c03151bc2121d179291337ad6bc564b#hatch",
      "source": "devbox-search",
      "version": "1.14.1",
      "systems": {
        "aarch64-darwin": {
          "outputs": [
            {
              "name": "out",
              "path": "/nix/store/hyrsm4gy2lny5mr2ybrykf0d66inwavi-hatch-1.14.1",
              "default": true
            },
            {
              "name": "dist",
              "path": "/nix/store/blghwr6czadb6y58r3nhis8zsvj6ksv0-hatch-1.14.1-dist"
            }
          ],
          "store_path": "/nix/store/hyrsm4gy2lny5mr2ybrykf0d66inwavi-hatch-1.14.1"
        },
        "aarch64-linux": {
          "outputs": [
            {
              "name": "out",
              "path": "/nix/store/ijbwkxw72glzd94a81aan7r37yd0qxhk-hatch-1.14.1",
              "default": true
            },
            {
              "name": "dist",
              "path": "/nix/store/hradafnl6w3gfpmqib0lkckfq5qfl8yj-hatch-1.14.1-dist"
            }
          ],
          "store_path": "/nix/store/ijbwkxw72glzd94a81aan7r37yd0qxhk-hatch-1.14.1"
        },
        "x86_64-darwin": {
          "outputs": [
            {
              "name": "out",
              "path": "/nix/store/993idmhc92cdv250bslhxdr3dwq0szm6-hatch-1.14.1",
              "default": true
            },
            {
              "name": "dist",
              "path": "/nix/store/2x26fl5i7gm6f357b4lajy1zx5g94s18-hatch-1.14.1-dist"
            }
          ],
          "store_path": "/nix/store/993idmhc92cdv250bslhxdr3dwq0szm6-hatch-1.14.1"
        },
        "x86_64-linux": {
          "outputs": [
            {
              "name": "out",
              "path": "/nix/store/dbw97q4vivr8zzyw473fllx1g94jq4zd-hatch-1.14.1",
              "default": true
            },
            {
              "name": "dist",
              "path": "/nix/store/w3dhmw0acz2kl7fqn19m6m2yjxkk528a-hatch-1.14.1-dist"
            }
          ],
          "store_path": "/nix/store/dbw97q4vivr8zzyw473fllx1g94jq4zd-hatch-1.14.1"
        }
      }
    },
    "pre-commit@latest": {
      "last_modified": "2025-08-11T07:05:29Z",
      "resolved": "github:NixOS/nixpkgs/9585e9192aadc13ec3e49f33f8333bd3cda524df#pre-commit",
      "source": "devbox-search",
      "version": "4.2.0",
      "systems": {
        "aarch64-darwin": {
          "outputs": [
            {
              "name": "out",
              "path": "/nix/store/awyg4wwb7w117sr32zbw453yylzy1sv5-pre-commit-4.2.0",
              "default": true
            },
            {
              "name": "dist",
              "path": "/nix/store/6j8b2k8vcm8ff3fwrwpkxr2q796yqwzl-pre-commit-4.2.0-dist"
            }
          ],
          "store_path": "/nix/store/awyg4wwb7w117sr32zbw453yylzy1sv5-pre-commit-4.2.0"
        },
        "aarch64-linux": {
          "outputs": [
            {
              "name": "out",
              "path": "/nix/store/z7aiyfndjqrzk0igjdzjf2sab137083p-pre-commit-4.2.0",
              "default": true
            },
            {
              "name": "dist",
              "path": "/nix/store/mr9jivn3fc4g4ncb25ij73481ilmba4k-pre-commit-4.2.0-dist"
            }
          ],
          "store_path": "/nix/store/z7aiyfndjqrzk0igjdzjf2sab137083p-pre-commit-4.2.0"
        },
        "x86_64-darwin": {
          "outputs": [
            {
              "name": "out",
              "path": "/nix/store/mx4vjrjzfxsarwkx12ddvn18kvphsds4-pre-commit-4.2.0",
              "default": true
            },
            {
              "name": "dist",
              "path": "/nix/store/hgf3j4hj0ng2xwq71n5a8j02y6zha5gq-pre-commit-4.2.0-dist"
            }
          ],
          "store_path": "/nix/store/mx4vjrjzfxsarwkx12ddvn18kvphsds4-pre-commit-4.2.0"
        },
        "x86_64-linux": {
          "outputs": [
            {
              "name": "out",
              "path": "/nix/store/h9f0ac5z0scz7fp4p8xznw2m04xx45in-pre-commit-4.2.0",
              "default": true
            },
            {
              "name": "dist",
              "path": "/nix/store/k9svwjpac38jf5c1zlxdhvhpk3ljf57r-pre-commit-4.2.0-dist"
            }
          ],
          "store_path": "/nix/store/h9f0ac5z0scz7fp4p8xznw2m04xx45in-pre-commit-4.2.0"
        }
      }
    }
  }
}
