# This file is automatically @generated by Poetry 2.2.1 and should not be changed by hand.

[[package]]
name = "mini-arcade-core"
version = "0.2.3"
description = "Tiny scene-based game loop core for small arcade games."
optional = false
python-versions = ">=3.9,<3.12"
groups = ["main"]
files = []
develop = true

[package.extras]
dev = ["black (>=24.10,<25.0)", "isort (>=5.13,<6.0)", "mypy (>=1.5,<2.0)", "pylint (>=3.3,<4.0)", "pytest (>=8.3,<9.0)", "pytest-cov (>=6.0,<7.0)"]

[package.source]
type = "directory"
url = "../mini-arcade-core"

[metadata]
lock-version = "2.1"
python-versions = ">=3.9,<3.12"
content-hash = "b1f9be101e847ba9a60872350d093c09ed5a9e3f5b91c2fe5929b290964730be"
